
Microsoft Visual Studio Solution File, Format Version 12.00
# Visual Studio Version 17
VisualStudioVersion = 17.0.31903.59
MinimumVisualStudioVersion = 10.0.40219.1
Project("{FAE04EC0-301F-11D3-BF4B-00C04F79EFBC}") = "DocumentsRegistry.API", "DocumentsRegistry.API\DocumentsRegistry.API.csproj", "{8E3CF294-814B-4D13-8686-D5E4643D5E76}"
EndProject
Project("{FAE04EC0-301F-11D3-BF4B-00C04F79EFBC}") = "DocumentsRegistry.Tests", "DocumentsRegistry.Tests\DocumentsRegistry.Tests.csproj", "{9761AFB9-310A-41D9-A836-C1CD4A3CE18A}"
EndProject
Global
	GlobalSection(SolutionConfigurationPlatforms) = preSolution
		Debug|Any CPU = Debug|Any CPU
		Release|Any CPU = Release|Any CPU
	EndGlobalSection
	GlobalSection(ProjectConfigurationPlatforms) = postSolution
		{8E3CF294-814B-4D13-8686-D5E4643D5E76}.Debug|Any CPU.ActiveCfg = Debug|Any CPU
		{8E3CF294-814B-4D13-8686-D5E4643D5E76}.Debug|Any CPU.Build.0 = Debug|Any CPU
		{8E3CF294-814B-4D13-8686-D5E4643D5E76}.Release|Any CPU.ActiveCfg = Release|Any CPU
		{8E3CF294-814B-4D13-8686-D5E4643D5E76}.Release|Any CPU.Build.0 = Release|Any CPU
		{9761AFB9-310A-41D9-A836-C1CD4A3CE18A}.Debug|Any CPU.ActiveCfg = Debug|Any CPU
		{9761AFB9-310A-41D9-A836-C1CD4A3CE18A}.Debug|Any CPU.Build.0 = Debug|Any CPU
		{9761AFB9-310A-41D9-A836-C1CD4A3CE18A}.Release|Any CPU.ActiveCfg = Release|Any CPU
		{9761AFB9-310A-41D9-A836-C1CD4A3CE18A}.Release|Any CPU.Build.0 = Release|Any CPU
	EndGlobalSection
	GlobalSection(SolutionProperties) = preSolution
		HideSolutionNode = FALSE
	EndGlobalSection
EndGlobal
